
Microsoft Visual Studio Solution File, Format Version 12.00
# Visual Studio Version 16
VisualStudioVersion = 16.0.34601.136
MinimumVisualStudioVersion = 10.0.40219.1
Project("{FAE04EC0-301F-11D3-BF4B-00C04F79EFBC}") = "API_LongNV", "API_LongNV\API_LongNV.csproj", "{F6F7F867-3729-4B5D-98F7-DDEDEA9E0DEC}"
EndProject
Project("{FAE04EC0-301F-11D3-BF4B-00C04F79EFBC}") = "AppCMC", "AppCMC\AppCMC.csproj", "{1E544F75-2970-4CAC-BA37-5268BCAEFFCE}"
EndProject
Project("{FAE04EC0-301F-11D3-BF4B-00C04F79EFBC}") = "Trackings", "Trackings\Trackings.csproj", "{8EBB673E-A220-4E78-A140-0799261EB4D0}"
EndProject
Project("{FAE04EC0-301F-11D3-BF4B-00C04F79EFBC}") = "CRM", "CRM\CRM.csproj", "{9F9C8627-FD0A-4108-8E5F-9AD7929DA8AF}"
EndProject
Global
	GlobalSection(SolutionConfigurationPlatforms) = preSolution
		Debug|Any CPU = Debug|Any CPU
		Release|Any CPU = Release|Any CPU
	EndGlobalSection
	GlobalSection(ProjectConfigurationPlatforms) = postSolution
		{F6F7F867-3729-4B5D-98F7-DDEDEA9E0DEC}.Debug|Any CPU.ActiveCfg = Debug|Any CPU
		{F6F7F867-3729-4B5D-98F7-DDEDEA9E0DEC}.Debug|Any CPU.Build.0 = Debug|Any CPU
		{F6F7F867-3729-4B5D-98F7-DDEDEA9E0DEC}.Release|Any CPU.ActiveCfg = Release|Any CPU
		{F6F7F867-3729-4B5D-98F7-DDEDEA9E0DEC}.Release|Any CPU.Build.0 = Release|Any CPU
		{1E544F75-2970-4CAC-BA37-5268BCAEFFCE}.Debug|Any CPU.ActiveCfg = Debug|Any CPU
		{1E544F75-2970-4CAC-BA37-5268BCAEFFCE}.Debug|Any CPU.Build.0 = Debug|Any CPU
		{1E544F75-2970-4CAC-BA37-5268BCAEFFCE}.Release|Any CPU.ActiveCfg = Release|Any CPU
		{1E544F75-2970-4CAC-BA37-5268BCAEFFCE}.Release|Any CPU.Build.0 = Release|Any CPU
		{8EBB673E-A220-4E78-A140-0799261EB4D0}.Debug|Any CPU.ActiveCfg = Debug|Any CPU
		{8EBB673E-A220-4E78-A140-0799261EB4D0}.Debug|Any CPU.Build.0 = Debug|Any CPU
		{8EBB673E-A220-4E78-A140-0799261EB4D0}.Release|Any CPU.ActiveCfg = Release|Any CPU
		{8EBB673E-A220-4E78-A140-0799261EB4D0}.Release|Any CPU.Build.0 = Release|Any CPU
		{9F9C8627-FD0A-4108-8E5F-9AD7929DA8AF}.Debug|Any CPU.ActiveCfg = Debug|Any CPU
		{9F9C8627-FD0A-4108-8E5F-9AD7929DA8AF}.Debug|Any CPU.Build.0 = Debug|Any CPU
		{9F9C8627-FD0A-4108-8E5F-9AD7929DA8AF}.Release|Any CPU.ActiveCfg = Release|Any CPU
		{9F9C8627-FD0A-4108-8E5F-9AD7929DA8AF}.Release|Any CPU.Build.0 = Release|Any CPU
	EndGlobalSection
	GlobalSection(SolutionProperties) = preSolution
		HideSolutionNode = FALSE
	EndGlobalSection
	GlobalSection(ExtensibilityGlobals) = postSolution
		SolutionGuid = {ADC4563A-B0A9-4030-8CFF-27654B076B51}
	EndGlobalSection
EndGlobal
